
Microsoft Visual Studio Solution File, Format Version 12.00
# Visual Studio Version 17
VisualStudioVersion = 17.10.35013.160
MinimumVisualStudioVersion = 10.0.40219.1
Project("{FAE04EC0-301F-11D3-BF4B-00C04F79EFBC}") = "Fitcalo", "Fitcalo\Fitcalo.csproj", "{5E14C2C6-C12C-4561-96F4-E254A0D19341}"
EndProject
Global
	GlobalSection(SolutionConfigurationPlatforms) = preSolution
		Debug|Any CPU = Debug|Any CPU
		Release|Any CPU = Release|Any CPU
	EndGlobalSection
	GlobalSection(ProjectConfigurationPlatforms) = postSolution
		{5E14C2C6-C12C-4561-96F4-E254A0D19341}.Debug|Any CPU.ActiveCfg = Debug|Any CPU
		{5E14C2C6-C12C-4561-96F4-E254A0D19341}.Debug|Any CPU.Build.0 = Debug|Any CPU
		{5E14C2C6-C12C-4561-96F4-E254A0D19341}.Debug|Any CPU.Deploy.0 = Debug|Any CPU
		{5E14C2C6-C12C-4561-96F4-E254A0D19341}.Release|Any CPU.ActiveCfg = Release|Any CPU
		{5E14C2C6-C12C-4561-96F4-E254A0D19341}.Release|Any CPU.Build.0 = Release|Any CPU
		{5E14C2C6-C12C-4561-96F4-E254A0D19341}.Release|Any CPU.Deploy.0 = Release|Any CPU
	EndGlobalSection
	GlobalSection(SolutionProperties) = preSolution
		HideSolutionNode = FALSE
	EndGlobalSection
	GlobalSection(ExtensibilityGlobals) = postSolution
		SolutionGuid = {CDDF8A71-F304-482B-B6C6-8C89F840D409}
	EndGlobalSection
EndGlobal
